
Microsoft Visual Studio Solution File, Format Version 12.00
# Visual Studio Version 17
VisualStudioVersion = 17.4.33205.214
MinimumVisualStudioVersion = 10.0.40219.1
Project("{9A19103F-16F7-4668-BE54-9A1E7A4F7556}") = "TodoApplication", "TodoApplication.csproj", "{406EED6B-8B36-431F-843F-B8342F37CE18}"
EndProject
Project("{FAE04EC0-301F-11D3-BF4B-00C04F79EFBC}") = "TodoApplication.Data", "..\TodoApplication.Data\TodoApplication.Data.csproj", "{173684B5-11B8-4F42-A9EA-7AADC9E1FDE9}"
EndProject
Project("{FAE04EC0-301F-11D3-BF4B-00C04F79EFBC}") = "TodoApplication.Entities", "..\TodoApplication.Entities\TodoApplication.Entities.csproj", "{F5B1622B-5919-4E8B-8799-A89BB47EC58F}"
EndProject
Global
	GlobalSection(SolutionConfigurationPlatforms) = preSolution
		Debug|Any CPU = Debug|Any CPU
		Release|Any CPU = Release|Any CPU
	EndGlobalSection
	GlobalSection(ProjectConfigurationPlatforms) = postSolution
		{406EED6B-8B36-431F-843F-B8342F37CE18}.Debug|Any CPU.ActiveCfg = Debug|Any CPU
		{406EED6B-8B36-431F-843F-B8342F37CE18}.Debug|Any CPU.Build.0 = Debug|Any CPU
		{406EED6B-8B36-431F-843F-B8342F37CE18}.Release|Any CPU.ActiveCfg = Release|Any CPU
		{406EED6B-8B36-431F-843F-B8342F37CE18}.Release|Any CPU.Build.0 = Release|Any CPU
		{173684B5-11B8-4F42-A9EA-7AADC9E1FDE9}.Debug|Any CPU.ActiveCfg = Debug|Any CPU
		{173684B5-11B8-4F42-A9EA-7AADC9E1FDE9}.Debug|Any CPU.Build.0 = Debug|Any CPU
		{173684B5-11B8-4F42-A9EA-7AADC9E1FDE9}.Release|Any CPU.ActiveCfg = Release|Any CPU
		{173684B5-11B8-4F42-A9EA-7AADC9E1FDE9}.Release|Any CPU.Build.0 = Release|Any CPU
		{F5B1622B-5919-4E8B-8799-A89BB47EC58F}.Debug|Any CPU.ActiveCfg = Debug|Any CPU
		{F5B1622B-5919-4E8B-8799-A89BB47EC58F}.Debug|Any CPU.Build.0 = Debug|Any CPU
		{F5B1622B-5919-4E8B-8799-A89BB47EC58F}.Release|Any CPU.ActiveCfg = Release|Any CPU
		{F5B1622B-5919-4E8B-8799-A89BB47EC58F}.Release|Any CPU.Build.0 = Release|Any CPU
	EndGlobalSection
	GlobalSection(SolutionProperties) = preSolution
		HideSolutionNode = FALSE
	EndGlobalSection
	GlobalSection(ExtensibilityGlobals) = postSolution
		SolutionGuid = {426C0F74-53BA-4F5D-9815-B3DBF01DA5A9}
	EndGlobalSection
EndGlobal
